{
  "name": "ProyectoFinalADL",
  "version": "1.0.0",
  "lockfileVersion": 3,
  "requires": true,
  "author": "",
  "description": "",
  "keywords": [],
  "license": "ISC",
  "main": "server.js",
  "type": "module",
  "packages": {
    "": {
      "dependencies": {
        "bcryptjs": "^2.4.3"
      }
    },
    "node_modules/bcryptjs": {
      "version": "2.4.3",
      "integrity": "sha512-V/Hy/X9Vt7f3BbPJEi8BdVFMByHi+jNXrYkW3huaybV/kQ0KJg0Y6PkEMbn+zeT+i+SiKZ/HMqJGIIt4LZDqNQ=="
    }
  },
  "scripts": {
    "dev": "node --watch server.js",
    "start": "node server.js",
    "test": "echo \"Error: no test specified\" && exit 1"
  }
}
